
Microsoft Visual Studio Solution File, Format Version 12.00
# Visual Studio Version 16
VisualStudioVersion = 16.0.29709.97
MinimumVisualStudioVersion = 10.0.40219.1
Project("{FAE04EC0-301F-11D3-BF4B-00C04F79EFBC}") = "Lab1", "Lab1\Lab1.csproj", "{D4177C91-A851-4B49-BB79-D13BE1A8F51D}"
EndProject
Global
	GlobalSection(SolutionConfigurationPlatforms) = preSolution
		Debug|Any CPU = Debug|Any CPU
		Release|Any CPU = Release|Any CPU
	EndGlobalSection
	GlobalSection(ProjectConfigurationPlatforms) = postSolution
		{D4177C91-A851-4B49-BB79-D13BE1A8F51D}.Debug|Any CPU.ActiveCfg = Debug|Any CPU
		{D4177C91-A851-4B49-BB79-D13BE1A8F51D}.Debug|Any CPU.Build.0 = Debug|Any CPU
		{D4177C91-A851-4B49-BB79-D13BE1A8F51D}.Release|Any CPU.ActiveCfg = Release|Any CPU
		{D4177C91-A851-4B49-BB79-D13BE1A8F51D}.Release|Any CPU.Build.0 = Release|Any CPU
	EndGlobalSection
	GlobalSection(SolutionProperties) = preSolution
		HideSolutionNode = FALSE
	EndGlobalSection
	GlobalSection(ExtensibilityGlobals) = postSolution
		SolutionGuid = {87CA2373-865B-4A65-84ED-827709221A13}
	EndGlobalSection
EndGlobal
